
Microsoft Visual Studio Solution File, Format Version 12.00
# Visual Studio 15
VisualStudioVersion = 15.0.27004.2010
MinimumVisualStudioVersion = 10.0.40219.1
Project("{FAE04EC0-301F-11D3-BF4B-00C04F79EFBC}") = "Advent.Common", "Advent.Common\Advent.Common.csproj", "{BC812E91-82A1-4CEF-8B4D-0BA9FE39609F}"
EndProject
Project("{9A19103F-16F7-4668-BE54-9A1E7A4F7556}") = "Advent.2017", "Advent.2017\Advent.2017.csproj", "{A453BDD1-1925-423D-8174-62A198E01301}"
EndProject
Global
	GlobalSection(SolutionConfigurationPlatforms) = preSolution
		Debug|Any CPU = Debug|Any CPU
		Release|Any CPU = Release|Any CPU
	EndGlobalSection
	GlobalSection(ProjectConfigurationPlatforms) = postSolution
		{BC812E91-82A1-4CEF-8B4D-0BA9FE39609F}.Debug|Any CPU.ActiveCfg = Debug|Any CPU
		{BC812E91-82A1-4CEF-8B4D-0BA9FE39609F}.Debug|Any CPU.Build.0 = Debug|Any CPU
		{BC812E91-82A1-4CEF-8B4D-0BA9FE39609F}.Release|Any CPU.ActiveCfg = Release|Any CPU
		{BC812E91-82A1-4CEF-8B4D-0BA9FE39609F}.Release|Any CPU.Build.0 = Release|Any CPU
		{A453BDD1-1925-423D-8174-62A198E01301}.Debug|Any CPU.ActiveCfg = Debug|Any CPU
		{A453BDD1-1925-423D-8174-62A198E01301}.Debug|Any CPU.Build.0 = Debug|Any CPU
		{A453BDD1-1925-423D-8174-62A198E01301}.Release|Any CPU.ActiveCfg = Release|Any CPU
		{A453BDD1-1925-423D-8174-62A198E01301}.Release|Any CPU.Build.0 = Release|Any CPU
	EndGlobalSection
	GlobalSection(SolutionProperties) = preSolution
		HideSolutionNode = FALSE
	EndGlobalSection
	GlobalSection(ExtensibilityGlobals) = postSolution
		SolutionGuid = {000DA03C-C453-4D44-8284-8E68A62DFB58}
	EndGlobalSection
EndGlobal
